Microsoft Visual Studio Solution File, Format Version 12.00
# Visual Studio Version 17
VisualStudioVersion = 17.5.2.0
MinimumVisualStudioVersion = 10.0.40219.1
Project("{FAE04EC0-301F-11D3-BF4B-00C04F79EFBC}") = "Alvarez_David_Matematicas", "Alvarez_David_Matematicas\Alvarez_David_Matematicas.csproj", "{9F83D5D1-C4D6-535A-CB3A-E909FEC3010F}"
EndProject
Global
	GlobalSection(SolutionConfigurationPlatforms) = preSolution
		Debug|Any CPU = Debug|Any CPU
		Release|Any CPU = Release|Any CPU
	EndGlobalSection
	GlobalSection(ProjectConfigurationPlatforms) = postSolution
		{9F83D5D1-C4D6-535A-CB3A-E909FEC3010F}.Debug|Any CPU.ActiveCfg = Debug|Any CPU
		{9F83D5D1-C4D6-535A-CB3A-E909FEC3010F}.Debug|Any CPU.Build.0 = Debug|Any CPU
		{9F83D5D1-C4D6-535A-CB3A-E909FEC3010F}.Release|Any CPU.ActiveCfg = Release|Any CPU
		{9F83D5D1-C4D6-535A-CB3A-E909FEC3010F}.Release|Any CPU.Build.0 = Release|Any CPU
	EndGlobalSection
	GlobalSection(SolutionProperties) = preSolution
		HideSolutionNode = FALSE
	EndGlobalSection
	GlobalSection(ExtensibilityGlobals) = postSolution
		SolutionGuid = {573D2604-5723-4352-B57B-5930B12CE187}
	EndGlobalSection
EndGlobal
